
Microsoft Visual Studio Solution File, Format Version 12.00
# Visual Studio Version 17
VisualStudioVersion = 17.2.32616.157
MinimumVisualStudioVersion = 10.0.40219.1
Project("{9A19103F-16F7-4668-BE54-9A1E7A4F7556}") = "AluraflixAPI", "AluraflixAPI\AluraflixAPI.csproj", "{ED77F082-6078-485A-89DC-3EE958AC11EF}"
EndProject
Project("{FAE04EC0-301F-11D3-BF4B-00C04F79EFBC}") = "AluraflixAPI.Tests", "AluraflixAPI.Tests\AluraflixAPI.Tests.csproj", "{8A0A13ED-65D0-49F8-B5D7-9A443346A028}"
EndProject
Global
	GlobalSection(SolutionConfigurationPlatforms) = preSolution
		Debug|Any CPU = Debug|Any CPU
		Release|Any CPU = Release|Any CPU
	EndGlobalSection
	GlobalSection(ProjectConfigurationPlatforms) = postSolution
		{ED77F082-6078-485A-89DC-3EE958AC11EF}.Debug|Any CPU.ActiveCfg = Debug|Any CPU
		{ED77F082-6078-485A-89DC-3EE958AC11EF}.Debug|Any CPU.Build.0 = Debug|Any CPU
		{ED77F082-6078-485A-89DC-3EE958AC11EF}.Release|Any CPU.ActiveCfg = Release|Any CPU
		{ED77F082-6078-485A-89DC-3EE958AC11EF}.Release|Any CPU.Build.0 = Release|Any CPU
		{8A0A13ED-65D0-49F8-B5D7-9A443346A028}.Debug|Any CPU.ActiveCfg = Debug|Any CPU
		{8A0A13ED-65D0-49F8-B5D7-9A443346A028}.Debug|Any CPU.Build.0 = Debug|Any CPU
		{8A0A13ED-65D0-49F8-B5D7-9A443346A028}.Release|Any CPU.ActiveCfg = Release|Any CPU
		{8A0A13ED-65D0-49F8-B5D7-9A443346A028}.Release|Any CPU.Build.0 = Release|Any CPU
	EndGlobalSection
	GlobalSection(SolutionProperties) = preSolution
		HideSolutionNode = FALSE
	EndGlobalSection
	GlobalSection(ExtensibilityGlobals) = postSolution
		SolutionGuid = {8888EE78-06B3-4E62-972F-7FBADF555CA5}
	EndGlobalSection
EndGlobal
